
Microsoft Visual Studio Solution File, Format Version 12.00
# Visual Studio Version 17
VisualStudioVersion = 17.0.32126.317
MinimumVisualStudioVersion = 10.0.40219.1
Project("{FAE04EC0-301F-11D3-BF4B-00C04F79EFBC}") = "Presencial.Desafio6", "Presencial.Desafio6\Presencial.Desafio6.csproj", "{203CC3BA-E650-467F-A76E-EC6F5EA8AFB9}"
EndProject
Global
	GlobalSection(SolutionConfigurationPlatforms) = preSolution
		Debug|Any CPU = Debug|Any CPU
		Release|Any CPU = Release|Any CPU
	EndGlobalSection
	GlobalSection(ProjectConfigurationPlatforms) = postSolution
		{203CC3BA-E650-467F-A76E-EC6F5EA8AFB9}.Debug|Any CPU.ActiveCfg = Debug|Any CPU
		{203CC3BA-E650-467F-A76E-EC6F5EA8AFB9}.Debug|Any CPU.Build.0 = Debug|Any CPU
		{203CC3BA-E650-467F-A76E-EC6F5EA8AFB9}.Release|Any CPU.ActiveCfg = Release|Any CPU
		{203CC3BA-E650-467F-A76E-EC6F5EA8AFB9}.Release|Any CPU.Build.0 = Release|Any CPU
	EndGlobalSection
	GlobalSection(SolutionProperties) = preSolution
		HideSolutionNode = FALSE
	EndGlobalSection
	GlobalSection(ExtensibilityGlobals) = postSolution
		SolutionGuid = {F0A5331C-E0FE-4201-AE6B-F7FD93150CAC}
	EndGlobalSection
EndGlobal
